
Microsoft Visual Studio Solution File, Format Version 12.00
# Visual Studio 2013
VisualStudioVersion = 12.0.40629.0
MinimumVisualStudioVersion = 10.0.40219.1
Project("{FAE04EC0-301F-11D3-BF4B-00C04F79EFBC}") = "MVC", "MVC\MVC.csproj", "{B0E332D3-2945-43D3-930D-776B0011C7FF}"
EndProject
Project("{FAE04EC0-301F-11D3-BF4B-00C04F79EFBC}") = "Web.API", "WebApplication2\Web.API.csproj", "{125B45B5-F57F-4424-9329-FF88829CA204}"
EndProject
Global
	GlobalSection(SolutionConfigurationPlatforms) = preSolution
		Debug|Any CPU = Debug|Any CPU
		Release|Any CPU = Release|Any CPU
	EndGlobalSection
	GlobalSection(ProjectConfigurationPlatforms) = postSolution
		{B0E332D3-2945-43D3-930D-776B0011C7FF}.Debug|Any CPU.ActiveCfg = Debug|Any CPU
		{B0E332D3-2945-43D3-930D-776B0011C7FF}.Debug|Any CPU.Build.0 = Debug|Any CPU
		{B0E332D3-2945-43D3-930D-776B0011C7FF}.Release|Any CPU.ActiveCfg = Release|Any CPU
		{B0E332D3-2945-43D3-930D-776B0011C7FF}.Release|Any CPU.Build.0 = Release|Any CPU
		{125B45B5-F57F-4424-9329-FF88829CA204}.Debug|Any CPU.ActiveCfg = Debug|Any CPU
		{125B45B5-F57F-4424-9329-FF88829CA204}.Debug|Any CPU.Build.0 = Debug|Any CPU
		{125B45B5-F57F-4424-9329-FF88829CA204}.Release|Any CPU.ActiveCfg = Release|Any CPU
		{125B45B5-F57F-4424-9329-FF88829CA204}.Release|Any CPU.Build.0 = Release|Any CPU
	EndGlobalSection
	GlobalSection(SolutionProperties) = preSolution
		HideSolutionNode = FALSE
	EndGlobalSection
EndGlobal
